<?xml version="1.0" encoding="utf-8"?>
<Project ToolsVersion="4.0" xmlns="http://schemas.microsoft.com/developer/msbuild/2003">
  <ItemGroup>
    <Filter Include="Source Files">
      <UniqueIdentifier>{4FC737F1-C7A5-4376-A066-2A32D752A2FF}</UniqueIdentifier>
      <Extensions>cpp;c;cc;cxx;def;odl;idl;hpj;bat;asm;asmx</Extensions>
    </Filter>
    <Filter Include="Header Files">
      <UniqueIdentifier>{93995380-89BD-4b04-88EB-625FBE52EBFB}</UniqueIdentifier>
      <Extensions>h;hpp;hxx;hm;inl;inc;xsd</Extensions>
    </Filter>
    <Filter Include="Resource Files">
      <UniqueIdentifier>{67DA6AB6-F800-4c08-8B7A-83BB121AAD01}</UniqueIdentifier>
      <Extensions>rc;ico;cur;bmp;dlg;rc2;rct;bin;rgs;gif;jpg;jpeg;jpe;resx;tiff;tif;png;wav;mfcribbon-ms</Extensions>
    </Filter>
    <Filter Include="Header Files\GameEngine">
      <UniqueIdentifier>{f735ef12-a999-4865-961a-9637ce13460f}</UniqueIdentifier>
    </Filter>
    <Filter Include="Source Files\GameEngine">
      <UniqueIdentifier>{3bfaff16-1e43-485a-8a26-6ee95f6ee9fa}</UniqueIdentifier>
    </Filter>
    <Filter Include="Header Files\FSM">
      <UniqueIdentifier>{46f78853-317d-425e-97a3-0654d4716e59}</UniqueIdentifier>
    </Filter>
    <Filter Include="Header Files\Manager-GameState">
      <UniqueIdentifier>{023fdbc6-513b-4888-ba9f-2023008d2d7f}</UniqueIdentifier>
    </Filter>
    <Filter Include="Source Files\Manager-GameState">
      <UniqueIdentifier>{cbedc230-53c1-410f-9c30-8a61aa9e197b}</UniqueIdentifier>
    </Filter>
    <Filter Include="Header Files\Manager-GameObject">
      <UniqueIdentifier>{82e9fc27-575e-4e73-bb70-e62d1aca46df}</UniqueIdentifier>
    </Filter>
    <Filter Include="Source Files\Manager-GameObject">
      <UniqueIdentifier>{3fa0fda3-044e-4bd2-bb16-2f1f9854bfb7}</UniqueIdentifier>
    </Filter>
    <Filter Include="Header Files\Alarms">
      <UniqueIdentifier>{f73cbff7-d2dd-4eb2-a6d8-53ca8ca1174b}</UniqueIdentifier>
    </Filter>
    <Filter Include="Source Files\GameStates">
      <UniqueIdentifier>{6b72b207-7468-4a57-84f7-5c5046fcb37f}</UniqueIdentifier>
    </Filter>
    <Filter Include="Header Files\GameStates">
      <UniqueIdentifier>{9453bd24-376e-4a63-b53f-3ffe17b6a749}</UniqueIdentifier>
    </Filter>
  </ItemGroup>
  <ItemGroup>
    <None Include="Makefile" />
  </ItemGroup>
  <ItemGroup>
    <ClCompile Include="source\main.cpp">
      <Filter>Source Files</Filter>
    </ClCompile>
    <ClCompile Include="source\GameEngine.cpp">
      <Filter>Source Files\GameEngine</Filter>
    </ClCompile>
    <ClCompile Include="source\GameStateManager.cpp">
      <Filter>Source Files\Manager-GameState</Filter>
    </ClCompile>
    <ClCompile Include="source\GameObjectManager.cpp">
      <Filter>Source Files\Manager-GameObject</Filter>
    </ClCompile>
  </ItemGroup>
  <ItemGroup>
    <ClInclude Include="include\GameEngine.h">
      <Filter>Header Files\GameEngine</Filter>
    </ClInclude>
    <ClInclude Include="include\IGameComponent.h">
      <Filter>Header Files\GameEngine</Filter>
    </ClInclude>
    <ClInclude Include="include\FSM.h">
      <Filter>Header Files\FSM</Filter>
    </ClInclude>
    <ClInclude Include="include\FSMState.h">
      <Filter>Header Files\FSM</Filter>
    </ClInclude>
    <ClInclude Include="include\temp.h">
      <Filter>Header Files</Filter>
    </ClInclude>
    <ClInclude Include="include\GameState.h">
      <Filter>Header Files\Manager-GameState</Filter>
    </ClInclude>
    <ClInclude Include="include\GameStateManager.h">
      <Filter>Header Files\Manager-GameState</Filter>
    </ClInclude>
    <ClInclude Include="include\IGameEngine.h">
      <Filter>Header Files\GameEngine</Filter>
    </ClInclude>
    <ClInclude Include="include\IGameStateManager.h">
      <Filter>Header Files\Manager-GameState</Filter>
    </ClInclude>
    <ClInclude Include="include\GameStd.h">
      <Filter>Header Files</Filter>
    </ClInclude>
    <ClInclude Include="include\GameObjectManager.h">
      <Filter>Header Files\Manager-GameObject</Filter>
    </ClInclude>
    <ClInclude Include="include\GameObject.h">
      <Filter>Header Files\Manager-GameObject</Filter>
    </ClInclude>
    <ClInclude Include="include\IGameObjectManager.h">
      <Filter>Header Files\Manager-GameObject</Filter>
    </ClInclude>
    <ClInclude Include="include\AlarmObject.h">
      <Filter>Header Files\Alarms</Filter>
    </ClInclude>
    <ClInclude Include="include\AlarmSystem.h">
      <Filter>Header Files\Alarms</Filter>
    </ClInclude>
  </ItemGroup>
</Project>